{
  "name": "Projet_SE_JS",
  "lockfileVersion": 2,
  "requires": true,
  "packages": {
    "": {
      "dependencies": {
        "@sentry/browser": "^7.28.1",
        "@sentry/tracing": "^7.28.1"
      }
    },
    "node_modules/@sentry/browser": {
      "version": "7.37.2",
      "resolved": "https://registry.npmjs.org/@sentry/browser/-/browser-7.37.2.tgz",
      "integrity": "sha512-UvKfpx6+BUdV+rGAXqDBznagfz44Ut+x2h/i0OZPNCEpXaH9KAQOlv06I66861aXiucWFRb1lAMrN4+cE9aJIg==",
      "dependencies": {
        "@sentry/core": "7.37.2",
        "@sentry/replay": "7.37.2",
        "@sentry/types": "7.37.2",
        "@sentry/utils": "7.37.2",
        "tslib": "^1.9.3"
      },
      "engines": {
        "node": ">=8"
      }
    },
    "node_modules/@sentry/core": {
      "version": "7.37.2",
      "resolved": "https://registry.npmjs.org/@sentry/core/-/core-7.37.2.tgz",
      "integrity": "sha512-LjofMDSTyVeBErl9N7TTqlyEVuW1g6U4iuJtdZ75JohnvVxzWdpZfWfddwQ6h7nGWfe9dNg0fGs1wxKtMhY+MA==",
      "dependencies": {
        "@sentry/types": "7.37.2",
        "@sentry/utils": "7.37.2",
        "tslib": "^1.9.3"
      },
      "engines": {
        "node": ">=8"
      }
    },
    "node_modules/@sentry/replay": {
      "version": "7.37.2",
      "resolved": "https://registry.npmjs.org/@sentry/replay/-/replay-7.37.2.tgz",
      "integrity": "sha512-y8Gfc7EGfGU4eVae5HAtch2YgkiTzNPi16dcqPX9jtIHDwiurGqWcaOgs5HoGJm45eMfl6LvcE7MPbwqcDkPIA==",
      "dependencies": {
        "@sentry/core": "7.37.2",
        "@sentry/types": "7.37.2",
        "@sentry/utils": "7.37.2"
      },
      "engines": {
        "node": ">=12"
      }
    },
    "node_modules/@sentry/tracing": {
      "version": "7.37.2",
      "resolved": "https://registry.npmjs.org/@sentry/tracing/-/tracing-7.37.2.tgz",
      "integrity": "sha512-XBVvxbV5TADq2rHg/kJqGqDfOP8n2myMUxMMpfHMb38NrxkxQwXy+gDe41bA8FJKA2k7Y3Wkn8ZC/PelQ8c+ag==",
      "dependencies": {
        "@sentry/core": "7.37.2",
        "@sentry/types": "7.37.2",
        "@sentry/utils": "7.37.2",
        "tslib": "^1.9.3"
      },
      "engines": {
        "node": ">=8"
      }
    },
    "node_modules/@sentry/types": {
      "version": "7.37.2",
      "resolved": "https://registry.npmjs.org/@sentry/types/-/types-7.37.2.tgz",
      "integrity": "sha512-SxKQOCX94ZaQM4C2ysNjHdJsjYapu/NYZCz1cnPyCdDvYfhwiVge1uq6ZHiQ/ARfxAAOmc3R4Mh3VvEz7WUOdw==",
      "engines": {
        "node": ">=8"
      }
    },
    "node_modules/@sentry/utils": {
      "version": "7.37.2",
      "resolved": "https://registry.npmjs.org/@sentry/utils/-/utils-7.37.2.tgz",
      "integrity": "sha512-5irN1nN/mtdOoWwsJiwBK0gPgNMkciUubEMbCaaXqJaGyGz8+yfDvXj7L+xGYiU57z+7+QkkSKxKEZ/IcBpjVQ==",
      "dependencies": {
        "@sentry/types": "7.37.2",
        "tslib": "^1.9.3"
      },
      "engines": {
        "node": ">=8"
      }
    },
    "node_modules/tslib": {
      "version": "1.14.1",
      "resolved": "https://registry.npmjs.org/tslib/-/tslib-1.14.1.tgz",
      "integrity": "sha512-Xni35NKzjgMrwevysHTCArtLDpPvye8zV/0E4EyYn43P7/7qvQwPh9BGkHewbMulVntbigmcT7rdX3BNo9wRJg=="
    }
  },
  "dependencies": {
    "@sentry/browser": {
      "version": "7.37.2",
      "resolved": "https://registry.npmjs.org/@sentry/browser/-/browser-7.37.2.tgz",
      "integrity": "sha512-UvKfpx6+BUdV+rGAXqDBznagfz44Ut+x2h/i0OZPNCEpXaH9KAQOlv06I66861aXiucWFRb1lAMrN4+cE9aJIg==",
      "requires": {
        "@sentry/core": "7.37.2",
        "@sentry/replay": "7.37.2",
        "@sentry/types": "7.37.2",
        "@sentry/utils": "7.37.2",
        "tslib": "^1.9.3"
      }
    },
    "@sentry/core": {
      "version": "7.37.2",
      "resolved": "https://registry.npmjs.org/@sentry/core/-/core-7.37.2.tgz",
      "integrity": "sha512-LjofMDSTyVeBErl9N7TTqlyEVuW1g6U4iuJtdZ75JohnvVxzWdpZfWfddwQ6h7nGWfe9dNg0fGs1wxKtMhY+MA==",
      "requires": {
        "@sentry/types": "7.37.2",
        "@sentry/utils": "7.37.2",
        "tslib": "^1.9.3"
      }
    },
    "@sentry/replay": {
      "version": "7.37.2",
      "resolved": "https://registry.npmjs.org/@sentry/replay/-/replay-7.37.2.tgz",
      "integrity": "sha512-y8Gfc7EGfGU4eVae5HAtch2YgkiTzNPi16dcqPX9jtIHDwiurGqWcaOgs5HoGJm45eMfl6LvcE7MPbwqcDkPIA==",
      "requires": {
        "@sentry/core": "7.37.2",
        "@sentry/types": "7.37.2",
        "@sentry/utils": "7.37.2"
      }
    },
    "@sentry/tracing": {
      "version": "7.37.2",
      "resolved": "https://registry.npmjs.org/@sentry/tracing/-/tracing-7.37.2.tgz",
      "integrity": "sha512-XBVvxbV5TADq2rHg/kJqGqDfOP8n2myMUxMMpfHMb38NrxkxQwXy+gDe41bA8FJKA2k7Y3Wkn8ZC/PelQ8c+ag==",
      "requires": {
        "@sentry/core": "7.37.2",
        "@sentry/types": "7.37.2",
        "@sentry/utils": "7.37.2",
        "tslib": "^1.9.3"
      }
    },
    "@sentry/types": {
      "version": "7.37.2",
      "resolved": "https://registry.npmjs.org/@sentry/types/-/types-7.37.2.tgz",
      "integrity": "sha512-SxKQOCX94ZaQM4C2ysNjHdJsjYapu/NYZCz1cnPyCdDvYfhwiVge1uq6ZHiQ/ARfxAAOmc3R4Mh3VvEz7WUOdw=="
    },
    "@sentry/utils": {
      "version": "7.37.2",
      "resolved": "https://registry.npmjs.org/@sentry/utils/-/utils-7.37.2.tgz",
      "integrity": "sha512-5irN1nN/mtdOoWwsJiwBK0gPgNMkciUubEMbCaaXqJaGyGz8+yfDvXj7L+xGYiU57z+7+QkkSKxKEZ/IcBpjVQ==",
      "requires": {
        "@sentry/types": "7.37.2",
        "tslib": "^1.9.3"
      }
    },
    "tslib": {
      "version": "1.14.1",
      "resolved": "https://registry.npmjs.org/tslib/-/tslib-1.14.1.tgz",
      "integrity": "sha512-Xni35NKzjgMrwevysHTCArtLDpPvye8zV/0E4EyYn43P7/7qvQwPh9BGkHewbMulVntbigmcT7rdX3BNo9wRJg=="
    }
  }
}
